
Microsoft Visual Studio Solution File, Format Version 12.00
# Visual Studio Version 17
Project("{8BC9CEB8-8B4A-11D0-8D11-00A0C91BC942}") = "ALL_BUILD", "ALL_BUILD.vcxproj", "{5DB17CB9-378C-3979-AD6F-28C3416B5613}"
	ProjectSection(ProjectDependencies) = postProject
		{4637A67C-894B-325D-B770-A46A97B12103} = {4637A67C-894B-325D-B770-A46A97B12103}
		{830D3FD8-6321-392D-A390-4A51D71D0CC6} = {830D3FD8-6321-392D-A390-4A51D71D0CC6}
		{340EB178-4B79-3EED-9409-78F94E571C91} = {340EB178-4B79-3EED-9409-78F94E571C91}
		{6D7ED498-1A9F-391B-92DE-A8721CDD7937} = {6D7ED498-1A9F-391B-92DE-A8721CDD7937}
		{0BBE27CF-7210-3F17-BC18-BFCFE8BBE2D5} = {0BBE27CF-7210-3F17-BC18-BFCFE8BBE2D5}
		{624824DF-19F7-3F94-AD56-C5CA82A0BEB5} = {624824DF-19F7-3F94-AD56-C5CA82A0BEB5}
		{30350332-36BF-3F10-A6C1-7DC339D6311A} = {30350332-36BF-3F10-A6C1-7DC339D6311A}
		{A97D60D3-57A3-3326-B752-C9BDDF8E6637} = {A97D60D3-57A3-3326-B752-C9BDDF8E6637}
	EndProjectSection
EndProject
Project("{8BC9CEB8-8B4A-11D0-8D11-00A0C91BC942}") = "Lua5.3.3r", "Lua5.3.3r.vcxproj", "{4637A67C-894B-325D-B770-A46A97B12103}"
	ProjectSection(ProjectDependencies) = postProject
		{830D3FD8-6321-392D-A390-4A51D71D0CC6} = {830D3FD8-6321-392D-A390-4A51D71D0CC6}
	EndProjectSection
EndProject
Project("{8BC9CEB8-8B4A-11D0-8D11-00A0C91BC942}") = "ZERO_CHECK", "ZERO_CHECK.vcxproj", "{830D3FD8-6321-392D-A390-4A51D71D0CC6}"
	ProjectSection(ProjectDependencies) = postProject
	EndProjectSection
EndProject
Project("{8BC9CEB8-8B4A-11D0-8D11-00A0C91BC942}") = "ZHL", "ZHL.vcxproj", "{D6F13CCD-516A-3902-A9EF-2198CC206A4E}"
	ProjectSection(ProjectDependencies) = postProject
		{830D3FD8-6321-392D-A390-4A51D71D0CC6} = {830D3FD8-6321-392D-A390-4A51D71D0CC6}
		{6D7ED498-1A9F-391B-92DE-A8721CDD7937} = {6D7ED498-1A9F-391B-92DE-A8721CDD7937}
		{624824DF-19F7-3F94-AD56-C5CA82A0BEB5} = {624824DF-19F7-3F94-AD56-C5CA82A0BEB5}
		{30350332-36BF-3F10-A6C1-7DC339D6311A} = {30350332-36BF-3F10-A6C1-7DC339D6311A}
	EndProjectSection
EndProject
Project("{8BC9CEB8-8B4A-11D0-8D11-00A0C91BC942}") = "dsound", "dsound.vcxproj", "{340EB178-4B79-3EED-9409-78F94E571C91}"
	ProjectSection(ProjectDependencies) = postProject
		{830D3FD8-6321-392D-A390-4A51D71D0CC6} = {830D3FD8-6321-392D-A390-4A51D71D0CC6}
	EndProjectSection
EndProject
Project("{8BC9CEB8-8B4A-11D0-8D11-00A0C91BC942}") = "lfs", "lfs.vcxproj", "{6D7ED498-1A9F-391B-92DE-A8721CDD7937}"
	ProjectSection(ProjectDependencies) = postProject
		{4637A67C-894B-325D-B770-A46A97B12103} = {4637A67C-894B-325D-B770-A46A97B12103}
		{830D3FD8-6321-392D-A390-4A51D71D0CC6} = {830D3FD8-6321-392D-A390-4A51D71D0CC6}
	EndProjectSection
EndProject
Project("{8BC9CEB8-8B4A-11D0-8D11-00A0C91BC942}") = "libzhl", "libzhl.vcxproj", "{0BBE27CF-7210-3F17-BC18-BFCFE8BBE2D5}"
	ProjectSection(ProjectDependencies) = postProject
		{4637A67C-894B-325D-B770-A46A97B12103} = {4637A67C-894B-325D-B770-A46A97B12103}
		{830D3FD8-6321-392D-A390-4A51D71D0CC6} = {830D3FD8-6321-392D-A390-4A51D71D0CC6}
		{D6F13CCD-516A-3902-A9EF-2198CC206A4E} = {D6F13CCD-516A-3902-A9EF-2198CC206A4E}
	EndProjectSection
EndProject
Project("{8BC9CEB8-8B4A-11D0-8D11-00A0C91BC942}") = "lpeg", "lpeg.vcxproj", "{624824DF-19F7-3F94-AD56-C5CA82A0BEB5}"
	ProjectSection(ProjectDependencies) = postProject
		{4637A67C-894B-325D-B770-A46A97B12103} = {4637A67C-894B-325D-B770-A46A97B12103}
		{830D3FD8-6321-392D-A390-4A51D71D0CC6} = {830D3FD8-6321-392D-A390-4A51D71D0CC6}
	EndProjectSection
EndProject
Project("{8BC9CEB8-8B4A-11D0-8D11-00A0C91BC942}") = "lua", "lua.vcxproj", "{30350332-36BF-3F10-A6C1-7DC339D6311A}"
	ProjectSection(ProjectDependencies) = postProject
		{4637A67C-894B-325D-B770-A46A97B12103} = {4637A67C-894B-325D-B770-A46A97B12103}
		{830D3FD8-6321-392D-A390-4A51D71D0CC6} = {830D3FD8-6321-392D-A390-4A51D71D0CC6}
	EndProjectSection
EndProject
Project("{8BC9CEB8-8B4A-11D0-8D11-00A0C91BC942}") = "zhlModTest", "zhlModTest.vcxproj", "{A97D60D3-57A3-3326-B752-C9BDDF8E6637}"
	ProjectSection(ProjectDependencies) = postProject
		{4637A67C-894B-325D-B770-A46A97B12103} = {4637A67C-894B-325D-B770-A46A97B12103}
		{830D3FD8-6321-392D-A390-4A51D71D0CC6} = {830D3FD8-6321-392D-A390-4A51D71D0CC6}
		{0BBE27CF-7210-3F17-BC18-BFCFE8BBE2D5} = {0BBE27CF-7210-3F17-BC18-BFCFE8BBE2D5}
	EndProjectSection
EndProject
Global
	GlobalSection(SolutionConfigurationPlatforms) = preSolution
		Debug|Win32 = Debug|Win32
		Release|Win32 = Release|Win32
		MinSizeRel|Win32 = MinSizeRel|Win32
		RelWithDebInfo|Win32 = RelWithDebInfo|Win32
	EndGlobalSection
	GlobalSection(ProjectConfigurationPlatforms) = postSolution
		{5DB17CB9-378C-3979-AD6F-28C3416B5613}.Debug|Win32.ActiveCfg = Debug|Win32
		{5DB17CB9-378C-3979-AD6F-28C3416B5613}.Release|Win32.ActiveCfg = Release|Win32
		{5DB17CB9-378C-3979-AD6F-28C3416B5613}.MinSizeRel|Win32.ActiveCfg = MinSizeRel|Win32
		{5DB17CB9-378C-3979-AD6F-28C3416B5613}.RelWithDebInfo|Win32.ActiveCfg = RelWithDebInfo|Win32
		{4637A67C-894B-325D-B770-A46A97B12103}.Debug|Win32.ActiveCfg = Debug|Win32
		{4637A67C-894B-325D-B770-A46A97B12103}.Debug|Win32.Build.0 = Debug|Win32
		{4637A67C-894B-325D-B770-A46A97B12103}.Release|Win32.ActiveCfg = Release|Win32
		{4637A67C-894B-325D-B770-A46A97B12103}.Release|Win32.Build.0 = Release|Win32
		{4637A67C-894B-325D-B770-A46A97B12103}.MinSizeRel|Win32.ActiveCfg = MinSizeRel|Win32
		{4637A67C-894B-325D-B770-A46A97B12103}.MinSizeRel|Win32.Build.0 = MinSizeRel|Win32
		{4637A67C-894B-325D-B770-A46A97B12103}.RelWithDebInfo|Win32.ActiveCfg = RelWithDebInfo|Win32
		{4637A67C-894B-325D-B770-A46A97B12103}.RelWithDebInfo|Win32.Build.0 = RelWithDebInfo|Win32
		{830D3FD8-6321-392D-A390-4A51D71D0CC6}.Debug|Win32.ActiveCfg = Debug|Win32
		{830D3FD8-6321-392D-A390-4A51D71D0CC6}.Debug|Win32.Build.0 = Debug|Win32
		{830D3FD8-6321-392D-A390-4A51D71D0CC6}.Release|Win32.ActiveCfg = Release|Win32
		{830D3FD8-6321-392D-A390-4A51D71D0CC6}.Release|Win32.Build.0 = Release|Win32
		{830D3FD8-6321-392D-A390-4A51D71D0CC6}.MinSizeRel|Win32.ActiveCfg = MinSizeRel|Win32
		{830D3FD8-6321-392D-A390-4A51D71D0CC6}.MinSizeRel|Win32.Build.0 = MinSizeRel|Win32
		{830D3FD8-6321-392D-A390-4A51D71D0CC6}.RelWithDebInfo|Win32.ActiveCfg = RelWithDebInfo|Win32
		{830D3FD8-6321-392D-A390-4A51D71D0CC6}.RelWithDebInfo|Win32.Build.0 = RelWithDebInfo|Win32
		{D6F13CCD-516A-3902-A9EF-2198CC206A4E}.Debug|Win32.ActiveCfg = Debug|Win32
		{D6F13CCD-516A-3902-A9EF-2198CC206A4E}.Debug|Win32.Build.0 = Debug|Win32
		{D6F13CCD-516A-3902-A9EF-2198CC206A4E}.Release|Win32.ActiveCfg = Release|Win32
		{D6F13CCD-516A-3902-A9EF-2198CC206A4E}.Release|Win32.Build.0 = Release|Win32
		{D6F13CCD-516A-3902-A9EF-2198CC206A4E}.MinSizeRel|Win32.ActiveCfg = MinSizeRel|Win32
		{D6F13CCD-516A-3902-A9EF-2198CC206A4E}.MinSizeRel|Win32.Build.0 = MinSizeRel|Win32
		{D6F13CCD-516A-3902-A9EF-2198CC206A4E}.RelWithDebInfo|Win32.ActiveCfg = RelWithDebInfo|Win32
		{D6F13CCD-516A-3902-A9EF-2198CC206A4E}.RelWithDebInfo|Win32.Build.0 = RelWithDebInfo|Win32
		{340EB178-4B79-3EED-9409-78F94E571C91}.Debug|Win32.ActiveCfg = Debug|Win32
		{340EB178-4B79-3EED-9409-78F94E571C91}.Debug|Win32.Build.0 = Debug|Win32
		{340EB178-4B79-3EED-9409-78F94E571C91}.Release|Win32.ActiveCfg = Release|Win32
		{340EB178-4B79-3EED-9409-78F94E571C91}.Release|Win32.Build.0 = Release|Win32
		{340EB178-4B79-3EED-9409-78F94E571C91}.MinSizeRel|Win32.ActiveCfg = MinSizeRel|Win32
		{340EB178-4B79-3EED-9409-78F94E571C91}.MinSizeRel|Win32.Build.0 = MinSizeRel|Win32
		{340EB178-4B79-3EED-9409-78F94E571C91}.RelWithDebInfo|Win32.ActiveCfg = RelWithDebInfo|Win32
		{340EB178-4B79-3EED-9409-78F94E571C91}.RelWithDebInfo|Win32.Build.0 = RelWithDebInfo|Win32
		{6D7ED498-1A9F-391B-92DE-A8721CDD7937}.Debug|Win32.ActiveCfg = Debug|Win32
		{6D7ED498-1A9F-391B-92DE-A8721CDD7937}.Debug|Win32.Build.0 = Debug|Win32
		{6D7ED498-1A9F-391B-92DE-A8721CDD7937}.Release|Win32.ActiveCfg = Release|Win32
		{6D7ED498-1A9F-391B-92DE-A8721CDD7937}.Release|Win32.Build.0 = Release|Win32
		{6D7ED498-1A9F-391B-92DE-A8721CDD7937}.MinSizeRel|Win32.ActiveCfg = MinSizeRel|Win32
		{6D7ED498-1A9F-391B-92DE-A8721CDD7937}.MinSizeRel|Win32.Build.0 = MinSizeRel|Win32
		{6D7ED498-1A9F-391B-92DE-A8721CDD7937}.RelWithDebInfo|Win32.ActiveCfg = RelWithDebInfo|Win32
		{6D7ED498-1A9F-391B-92DE-A8721CDD7937}.RelWithDebInfo|Win32.Build.0 = RelWithDebInfo|Win32
		{0BBE27CF-7210-3F17-BC18-BFCFE8BBE2D5}.Debug|Win32.ActiveCfg = Debug|Win32
		{0BBE27CF-7210-3F17-BC18-BFCFE8BBE2D5}.Debug|Win32.Build.0 = Debug|Win32
		{0BBE27CF-7210-3F17-BC18-BFCFE8BBE2D5}.Release|Win32.ActiveCfg = Release|Win32
		{0BBE27CF-7210-3F17-BC18-BFCFE8BBE2D5}.Release|Win32.Build.0 = Release|Win32
		{0BBE27CF-7210-3F17-BC18-BFCFE8BBE2D5}.MinSizeRel|Win32.ActiveCfg = MinSizeRel|Win32
		{0BBE27CF-7210-3F17-BC18-BFCFE8BBE2D5}.MinSizeRel|Win32.Build.0 = MinSizeRel|Win32
		{0BBE27CF-7210-3F17-BC18-BFCFE8BBE2D5}.RelWithDebInfo|Win32.ActiveCfg = RelWithDebInfo|Win32
		{0BBE27CF-7210-3F17-BC18-BFCFE8BBE2D5}.RelWithDebInfo|Win32.Build.0 = RelWithDebInfo|Win32
		{624824DF-19F7-3F94-AD56-C5CA82A0BEB5}.Debug|Win32.ActiveCfg = Debug|Win32
		{624824DF-19F7-3F94-AD56-C5CA82A0BEB5}.Debug|Win32.Build.0 = Debug|Win32
		{624824DF-19F7-3F94-AD56-C5CA82A0BEB5}.Release|Win32.ActiveCfg = Release|Win32
		{624824DF-19F7-3F94-AD56-C5CA82A0BEB5}.Release|Win32.Build.0 = Release|Win32
		{624824DF-19F7-3F94-AD56-C5CA82A0BEB5}.MinSizeRel|Win32.ActiveCfg = MinSizeRel|Win32
		{624824DF-19F7-3F94-AD56-C5CA82A0BEB5}.MinSizeRel|Win32.Build.0 = MinSizeRel|Win32
		{624824DF-19F7-3F94-AD56-C5CA82A0BEB5}.RelWithDebInfo|Win32.ActiveCfg = RelWithDebInfo|Win32
		{624824DF-19F7-3F94-AD56-C5CA82A0BEB5}.RelWithDebInfo|Win32.Build.0 = RelWithDebInfo|Win32
		{30350332-36BF-3F10-A6C1-7DC339D6311A}.Debug|Win32.ActiveCfg = Debug|Win32
		{30350332-36BF-3F10-A6C1-7DC339D6311A}.Debug|Win32.Build.0 = Debug|Win32
		{30350332-36BF-3F10-A6C1-7DC339D6311A}.Release|Win32.ActiveCfg = Release|Win32
		{30350332-36BF-3F10-A6C1-7DC339D6311A}.Release|Win32.Build.0 = Release|Win32
		{30350332-36BF-3F10-A6C1-7DC339D6311A}.MinSizeRel|Win32.ActiveCfg = MinSizeRel|Win32
		{30350332-36BF-3F10-A6C1-7DC339D6311A}.MinSizeRel|Win32.Build.0 = MinSizeRel|Win32
		{30350332-36BF-3F10-A6C1-7DC339D6311A}.RelWithDebInfo|Win32.ActiveCfg = RelWithDebInfo|Win32
		{30350332-36BF-3F10-A6C1-7DC339D6311A}.RelWithDebInfo|Win32.Build.0 = RelWithDebInfo|Win32
		{A97D60D3-57A3-3326-B752-C9BDDF8E6637}.Debug|Win32.ActiveCfg = Debug|Win32
		{A97D60D3-57A3-3326-B752-C9BDDF8E6637}.Debug|Win32.Build.0 = Debug|Win32
		{A97D60D3-57A3-3326-B752-C9BDDF8E6637}.Release|Win32.ActiveCfg = Release|Win32
		{A97D60D3-57A3-3326-B752-C9BDDF8E6637}.Release|Win32.Build.0 = Release|Win32
		{A97D60D3-57A3-3326-B752-C9BDDF8E6637}.MinSizeRel|Win32.ActiveCfg = MinSizeRel|Win32
		{A97D60D3-57A3-3326-B752-C9BDDF8E6637}.MinSizeRel|Win32.Build.0 = MinSizeRel|Win32
		{A97D60D3-57A3-3326-B752-C9BDDF8E6637}.RelWithDebInfo|Win32.ActiveCfg = RelWithDebInfo|Win32
		{A97D60D3-57A3-3326-B752-C9BDDF8E6637}.RelWithDebInfo|Win32.Build.0 = RelWithDebInfo|Win32
	EndGlobalSection
	GlobalSection(ExtensibilityGlobals) = postSolution
		SolutionGuid = {A5A179B9-8743-3298-A4C1-2865E6834762}
	EndGlobalSection
	GlobalSection(ExtensibilityAddIns) = postSolution
	EndGlobalSection
EndGlobal
