
Microsoft Visual Studio Solution File, Format Version 12.00
# Visual Studio Version 17
Project("{8BC9CEB8-8B4A-11D0-8D11-00A0C91BC942}") = "ALL_BUILD", "ALL_BUILD.vcxproj", "{C4CACAD2-F262-396A-8866-EA8583FDC4E0}"
	ProjectSection(ProjectDependencies) = postProject
		{1D87DF27-1FE4-3F09-9BE5-D18027274A1F} = {1D87DF27-1FE4-3F09-9BE5-D18027274A1F}
		{3DD4710B-7097-3F10-A25A-DD0750EB5075} = {3DD4710B-7097-3F10-A25A-DD0750EB5075}
		{95966B27-EE3A-3BC9-B233-32DD6A9F371E} = {95966B27-EE3A-3BC9-B233-32DD6A9F371E}
		{45D9288B-A7B8-3FA1-AAC4-78C457340BA0} = {45D9288B-A7B8-3FA1-AAC4-78C457340BA0}
		{4AD8ACC8-8FFE-3F2D-8DFC-418E49303BAB} = {4AD8ACC8-8FFE-3F2D-8DFC-418E49303BAB}
		{E021FF83-8BA1-39F9-BDD7-D1E3E314435C} = {E021FF83-8BA1-39F9-BDD7-D1E3E314435C}
		{3B8BAE7F-C8BD-3BB3-A3D5-BA70614FB9E7} = {3B8BAE7F-C8BD-3BB3-A3D5-BA70614FB9E7}
		{32822797-1ED7-3432-9F5A-F453CD8A8E71} = {32822797-1ED7-3432-9F5A-F453CD8A8E71}
		{46FE29D5-2A73-3D4D-B960-C76003894C18} = {46FE29D5-2A73-3D4D-B960-C76003894C18}
		{9779604C-7CFB-35A7-A43C-F695E6A1D4C4} = {9779604C-7CFB-35A7-A43C-F695E6A1D4C4}
	EndProjectSection
EndProject
Project("{8BC9CEB8-8B4A-11D0-8D11-00A0C91BC942}") = "Lua5.3.3r", "Lua5.3.3r.vcxproj", "{1D87DF27-1FE4-3F09-9BE5-D18027274A1F}"
	ProjectSection(ProjectDependencies) = postProject
		{3DD4710B-7097-3F10-A25A-DD0750EB5075} = {3DD4710B-7097-3F10-A25A-DD0750EB5075}
	EndProjectSection
EndProject
Project("{8BC9CEB8-8B4A-11D0-8D11-00A0C91BC942}") = "ZERO_CHECK", "ZERO_CHECK.vcxproj", "{3DD4710B-7097-3F10-A25A-DD0750EB5075}"
	ProjectSection(ProjectDependencies) = postProject
	EndProjectSection
EndProject
Project("{8BC9CEB8-8B4A-11D0-8D11-00A0C91BC942}") = "ZHL", "ZHL.vcxproj", "{480330D5-0071-388F-8878-093FEF7CA39C}"
	ProjectSection(ProjectDependencies) = postProject
		{3DD4710B-7097-3F10-A25A-DD0750EB5075} = {3DD4710B-7097-3F10-A25A-DD0750EB5075}
		{45D9288B-A7B8-3FA1-AAC4-78C457340BA0} = {45D9288B-A7B8-3FA1-AAC4-78C457340BA0}
		{E021FF83-8BA1-39F9-BDD7-D1E3E314435C} = {E021FF83-8BA1-39F9-BDD7-D1E3E314435C}
		{3B8BAE7F-C8BD-3BB3-A3D5-BA70614FB9E7} = {3B8BAE7F-C8BD-3BB3-A3D5-BA70614FB9E7}
	EndProjectSection
EndProject
Project("{8BC9CEB8-8B4A-11D0-8D11-00A0C91BC942}") = "dsound", "dsound.vcxproj", "{95966B27-EE3A-3BC9-B233-32DD6A9F371E}"
	ProjectSection(ProjectDependencies) = postProject
		{3DD4710B-7097-3F10-A25A-DD0750EB5075} = {3DD4710B-7097-3F10-A25A-DD0750EB5075}
	EndProjectSection
EndProject
Project("{8BC9CEB8-8B4A-11D0-8D11-00A0C91BC942}") = "lfs", "lfs.vcxproj", "{45D9288B-A7B8-3FA1-AAC4-78C457340BA0}"
	ProjectSection(ProjectDependencies) = postProject
		{1D87DF27-1FE4-3F09-9BE5-D18027274A1F} = {1D87DF27-1FE4-3F09-9BE5-D18027274A1F}
		{3DD4710B-7097-3F10-A25A-DD0750EB5075} = {3DD4710B-7097-3F10-A25A-DD0750EB5075}
	EndProjectSection
EndProject
Project("{8BC9CEB8-8B4A-11D0-8D11-00A0C91BC942}") = "libzhl", "libzhl.vcxproj", "{4AD8ACC8-8FFE-3F2D-8DFC-418E49303BAB}"
	ProjectSection(ProjectDependencies) = postProject
		{1D87DF27-1FE4-3F09-9BE5-D18027274A1F} = {1D87DF27-1FE4-3F09-9BE5-D18027274A1F}
		{3DD4710B-7097-3F10-A25A-DD0750EB5075} = {3DD4710B-7097-3F10-A25A-DD0750EB5075}
		{480330D5-0071-388F-8878-093FEF7CA39C} = {480330D5-0071-388F-8878-093FEF7CA39C}
	EndProjectSection
EndProject
Project("{8BC9CEB8-8B4A-11D0-8D11-00A0C91BC942}") = "lpeg", "lpeg.vcxproj", "{E021FF83-8BA1-39F9-BDD7-D1E3E314435C}"
	ProjectSection(ProjectDependencies) = postProject
		{1D87DF27-1FE4-3F09-9BE5-D18027274A1F} = {1D87DF27-1FE4-3F09-9BE5-D18027274A1F}
		{3DD4710B-7097-3F10-A25A-DD0750EB5075} = {3DD4710B-7097-3F10-A25A-DD0750EB5075}
	EndProjectSection
EndProject
Project("{8BC9CEB8-8B4A-11D0-8D11-00A0C91BC942}") = "lua", "lua.vcxproj", "{3B8BAE7F-C8BD-3BB3-A3D5-BA70614FB9E7}"
	ProjectSection(ProjectDependencies) = postProject
		{1D87DF27-1FE4-3F09-9BE5-D18027274A1F} = {1D87DF27-1FE4-3F09-9BE5-D18027274A1F}
		{3DD4710B-7097-3F10-A25A-DD0750EB5075} = {3DD4710B-7097-3F10-A25A-DD0750EB5075}
	EndProjectSection
EndProject
Project("{8BC9CEB8-8B4A-11D0-8D11-00A0C91BC942}") = "stb", "stb.vcxproj", "{32822797-1ED7-3432-9F5A-F453CD8A8E71}"
	ProjectSection(ProjectDependencies) = postProject
		{3DD4710B-7097-3F10-A25A-DD0750EB5075} = {3DD4710B-7097-3F10-A25A-DD0750EB5075}
	EndProjectSection
EndProject
Project("{8BC9CEB8-8B4A-11D0-8D11-00A0C91BC942}") = "stbc", "stbc.vcxproj", "{46FE29D5-2A73-3D4D-B960-C76003894C18}"
	ProjectSection(ProjectDependencies) = postProject
		{3DD4710B-7097-3F10-A25A-DD0750EB5075} = {3DD4710B-7097-3F10-A25A-DD0750EB5075}
		{32822797-1ED7-3432-9F5A-F453CD8A8E71} = {32822797-1ED7-3432-9F5A-F453CD8A8E71}
	EndProjectSection
EndProject
Project("{8BC9CEB8-8B4A-11D0-8D11-00A0C91BC942}") = "zhlModTest", "zhlModTest.vcxproj", "{9779604C-7CFB-35A7-A43C-F695E6A1D4C4}"
	ProjectSection(ProjectDependencies) = postProject
		{1D87DF27-1FE4-3F09-9BE5-D18027274A1F} = {1D87DF27-1FE4-3F09-9BE5-D18027274A1F}
		{3DD4710B-7097-3F10-A25A-DD0750EB5075} = {3DD4710B-7097-3F10-A25A-DD0750EB5075}
		{4AD8ACC8-8FFE-3F2D-8DFC-418E49303BAB} = {4AD8ACC8-8FFE-3F2D-8DFC-418E49303BAB}
	EndProjectSection
EndProject
Global
	GlobalSection(SolutionConfigurationPlatforms) = preSolution
		Debug|Win32 = Debug|Win32
		Release|Win32 = Release|Win32
		MinSizeRel|Win32 = MinSizeRel|Win32
		RelWithDebInfo|Win32 = RelWithDebInfo|Win32
	EndGlobalSection
	GlobalSection(ProjectConfigurationPlatforms) = postSolution
		{C4CACAD2-F262-396A-8866-EA8583FDC4E0}.Debug|Win32.ActiveCfg = Debug|Win32
		{C4CACAD2-F262-396A-8866-EA8583FDC4E0}.Release|Win32.ActiveCfg = Release|Win32
		{C4CACAD2-F262-396A-8866-EA8583FDC4E0}.MinSizeRel|Win32.ActiveCfg = MinSizeRel|Win32
		{C4CACAD2-F262-396A-8866-EA8583FDC4E0}.RelWithDebInfo|Win32.ActiveCfg = RelWithDebInfo|Win32
		{1D87DF27-1FE4-3F09-9BE5-D18027274A1F}.Debug|Win32.ActiveCfg = Debug|Win32
		{1D87DF27-1FE4-3F09-9BE5-D18027274A1F}.Debug|Win32.Build.0 = Debug|Win32
		{1D87DF27-1FE4-3F09-9BE5-D18027274A1F}.Release|Win32.ActiveCfg = Release|Win32
		{1D87DF27-1FE4-3F09-9BE5-D18027274A1F}.Release|Win32.Build.0 = Release|Win32
		{1D87DF27-1FE4-3F09-9BE5-D18027274A1F}.MinSizeRel|Win32.ActiveCfg = MinSizeRel|Win32
		{1D87DF27-1FE4-3F09-9BE5-D18027274A1F}.MinSizeRel|Win32.Build.0 = MinSizeRel|Win32
		{1D87DF27-1FE4-3F09-9BE5-D18027274A1F}.RelWithDebInfo|Win32.ActiveCfg = RelWithDebInfo|Win32
		{1D87DF27-1FE4-3F09-9BE5-D18027274A1F}.RelWithDebInfo|Win32.Build.0 = RelWithDebInfo|Win32
		{3DD4710B-7097-3F10-A25A-DD0750EB5075}.Debug|Win32.ActiveCfg = Debug|Win32
		{3DD4710B-7097-3F10-A25A-DD0750EB5075}.Debug|Win32.Build.0 = Debug|Win32
		{3DD4710B-7097-3F10-A25A-DD0750EB5075}.Release|Win32.ActiveCfg = Release|Win32
		{3DD4710B-7097-3F10-A25A-DD0750EB5075}.Release|Win32.Build.0 = Release|Win32
		{3DD4710B-7097-3F10-A25A-DD0750EB5075}.MinSizeRel|Win32.ActiveCfg = MinSizeRel|Win32
		{3DD4710B-7097-3F10-A25A-DD0750EB5075}.MinSizeRel|Win32.Build.0 = MinSizeRel|Win32
		{3DD4710B-7097-3F10-A25A-DD0750EB5075}.RelWithDebInfo|Win32.ActiveCfg = RelWithDebInfo|Win32
		{3DD4710B-7097-3F10-A25A-DD0750EB5075}.RelWithDebInfo|Win32.Build.0 = RelWithDebInfo|Win32
		{480330D5-0071-388F-8878-093FEF7CA39C}.Debug|Win32.ActiveCfg = Debug|Win32
		{480330D5-0071-388F-8878-093FEF7CA39C}.Debug|Win32.Build.0 = Debug|Win32
		{480330D5-0071-388F-8878-093FEF7CA39C}.Release|Win32.ActiveCfg = Release|Win32
		{480330D5-0071-388F-8878-093FEF7CA39C}.Release|Win32.Build.0 = Release|Win32
		{480330D5-0071-388F-8878-093FEF7CA39C}.MinSizeRel|Win32.ActiveCfg = MinSizeRel|Win32
		{480330D5-0071-388F-8878-093FEF7CA39C}.MinSizeRel|Win32.Build.0 = MinSizeRel|Win32
		{480330D5-0071-388F-8878-093FEF7CA39C}.RelWithDebInfo|Win32.ActiveCfg = RelWithDebInfo|Win32
		{480330D5-0071-388F-8878-093FEF7CA39C}.RelWithDebInfo|Win32.Build.0 = RelWithDebInfo|Win32
		{95966B27-EE3A-3BC9-B233-32DD6A9F371E}.Debug|Win32.ActiveCfg = Debug|Win32
		{95966B27-EE3A-3BC9-B233-32DD6A9F371E}.Debug|Win32.Build.0 = Debug|Win32
		{95966B27-EE3A-3BC9-B233-32DD6A9F371E}.Release|Win32.ActiveCfg = Release|Win32
		{95966B27-EE3A-3BC9-B233-32DD6A9F371E}.Release|Win32.Build.0 = Release|Win32
		{95966B27-EE3A-3BC9-B233-32DD6A9F371E}.MinSizeRel|Win32.ActiveCfg = MinSizeRel|Win32
		{95966B27-EE3A-3BC9-B233-32DD6A9F371E}.MinSizeRel|Win32.Build.0 = MinSizeRel|Win32
		{95966B27-EE3A-3BC9-B233-32DD6A9F371E}.RelWithDebInfo|Win32.ActiveCfg = RelWithDebInfo|Win32
		{95966B27-EE3A-3BC9-B233-32DD6A9F371E}.RelWithDebInfo|Win32.Build.0 = RelWithDebInfo|Win32
		{45D9288B-A7B8-3FA1-AAC4-78C457340BA0}.Debug|Win32.ActiveCfg = Debug|Win32
		{45D9288B-A7B8-3FA1-AAC4-78C457340BA0}.Debug|Win32.Build.0 = Debug|Win32
		{45D9288B-A7B8-3FA1-AAC4-78C457340BA0}.Release|Win32.ActiveCfg = Release|Win32
		{45D9288B-A7B8-3FA1-AAC4-78C457340BA0}.Release|Win32.Build.0 = Release|Win32
		{45D9288B-A7B8-3FA1-AAC4-78C457340BA0}.MinSizeRel|Win32.ActiveCfg = MinSizeRel|Win32
		{45D9288B-A7B8-3FA1-AAC4-78C457340BA0}.MinSizeRel|Win32.Build.0 = MinSizeRel|Win32
		{45D9288B-A7B8-3FA1-AAC4-78C457340BA0}.RelWithDebInfo|Win32.ActiveCfg = RelWithDebInfo|Win32
		{45D9288B-A7B8-3FA1-AAC4-78C457340BA0}.RelWithDebInfo|Win32.Build.0 = RelWithDebInfo|Win32
		{4AD8ACC8-8FFE-3F2D-8DFC-418E49303BAB}.Debug|Win32.ActiveCfg = Debug|Win32
		{4AD8ACC8-8FFE-3F2D-8DFC-418E49303BAB}.Debug|Win32.Build.0 = Debug|Win32
		{4AD8ACC8-8FFE-3F2D-8DFC-418E49303BAB}.Release|Win32.ActiveCfg = Release|Win32
		{4AD8ACC8-8FFE-3F2D-8DFC-418E49303BAB}.Release|Win32.Build.0 = Release|Win32
		{4AD8ACC8-8FFE-3F2D-8DFC-418E49303BAB}.MinSizeRel|Win32.ActiveCfg = MinSizeRel|Win32
		{4AD8ACC8-8FFE-3F2D-8DFC-418E49303BAB}.MinSizeRel|Win32.Build.0 = MinSizeRel|Win32
		{4AD8ACC8-8FFE-3F2D-8DFC-418E49303BAB}.RelWithDebInfo|Win32.ActiveCfg = RelWithDebInfo|Win32
		{4AD8ACC8-8FFE-3F2D-8DFC-418E49303BAB}.RelWithDebInfo|Win32.Build.0 = RelWithDebInfo|Win32
		{E021FF83-8BA1-39F9-BDD7-D1E3E314435C}.Debug|Win32.ActiveCfg = Debug|Win32
		{E021FF83-8BA1-39F9-BDD7-D1E3E314435C}.Debug|Win32.Build.0 = Debug|Win32
		{E021FF83-8BA1-39F9-BDD7-D1E3E314435C}.Release|Win32.ActiveCfg = Release|Win32
		{E021FF83-8BA1-39F9-BDD7-D1E3E314435C}.Release|Win32.Build.0 = Release|Win32
		{E021FF83-8BA1-39F9-BDD7-D1E3E314435C}.MinSizeRel|Win32.ActiveCfg = MinSizeRel|Win32
		{E021FF83-8BA1-39F9-BDD7-D1E3E314435C}.MinSizeRel|Win32.Build.0 = MinSizeRel|Win32
		{E021FF83-8BA1-39F9-BDD7-D1E3E314435C}.RelWithDebInfo|Win32.ActiveCfg = RelWithDebInfo|Win32
		{E021FF83-8BA1-39F9-BDD7-D1E3E314435C}.RelWithDebInfo|Win32.Build.0 = RelWithDebInfo|Win32
		{3B8BAE7F-C8BD-3BB3-A3D5-BA70614FB9E7}.Debug|Win32.ActiveCfg = Debug|Win32
		{3B8BAE7F-C8BD-3BB3-A3D5-BA70614FB9E7}.Debug|Win32.Build.0 = Debug|Win32
		{3B8BAE7F-C8BD-3BB3-A3D5-BA70614FB9E7}.Release|Win32.ActiveCfg = Release|Win32
		{3B8BAE7F-C8BD-3BB3-A3D5-BA70614FB9E7}.Release|Win32.Build.0 = Release|Win32
		{3B8BAE7F-C8BD-3BB3-A3D5-BA70614FB9E7}.MinSizeRel|Win32.ActiveCfg = MinSizeRel|Win32
		{3B8BAE7F-C8BD-3BB3-A3D5-BA70614FB9E7}.MinSizeRel|Win32.Build.0 = MinSizeRel|Win32
		{3B8BAE7F-C8BD-3BB3-A3D5-BA70614FB9E7}.RelWithDebInfo|Win32.ActiveCfg = RelWithDebInfo|Win32
		{3B8BAE7F-C8BD-3BB3-A3D5-BA70614FB9E7}.RelWithDebInfo|Win32.Build.0 = RelWithDebInfo|Win32
		{32822797-1ED7-3432-9F5A-F453CD8A8E71}.Debug|Win32.ActiveCfg = Debug|Win32
		{32822797-1ED7-3432-9F5A-F453CD8A8E71}.Debug|Win32.Build.0 = Debug|Win32
		{32822797-1ED7-3432-9F5A-F453CD8A8E71}.Release|Win32.ActiveCfg = Release|Win32
		{32822797-1ED7-3432-9F5A-F453CD8A8E71}.Release|Win32.Build.0 = Release|Win32
		{32822797-1ED7-3432-9F5A-F453CD8A8E71}.MinSizeRel|Win32.ActiveCfg = MinSizeRel|Win32
		{32822797-1ED7-3432-9F5A-F453CD8A8E71}.MinSizeRel|Win32.Build.0 = MinSizeRel|Win32
		{32822797-1ED7-3432-9F5A-F453CD8A8E71}.RelWithDebInfo|Win32.ActiveCfg = RelWithDebInfo|Win32
		{32822797-1ED7-3432-9F5A-F453CD8A8E71}.RelWithDebInfo|Win32.Build.0 = RelWithDebInfo|Win32
		{46FE29D5-2A73-3D4D-B960-C76003894C18}.Debug|Win32.ActiveCfg = Debug|Win32
		{46FE29D5-2A73-3D4D-B960-C76003894C18}.Debug|Win32.Build.0 = Debug|Win32
		{46FE29D5-2A73-3D4D-B960-C76003894C18}.Release|Win32.ActiveCfg = Release|Win32
		{46FE29D5-2A73-3D4D-B960-C76003894C18}.Release|Win32.Build.0 = Release|Win32
		{46FE29D5-2A73-3D4D-B960-C76003894C18}.MinSizeRel|Win32.ActiveCfg = MinSizeRel|Win32
		{46FE29D5-2A73-3D4D-B960-C76003894C18}.MinSizeRel|Win32.Build.0 = MinSizeRel|Win32
		{46FE29D5-2A73-3D4D-B960-C76003894C18}.RelWithDebInfo|Win32.ActiveCfg = RelWithDebInfo|Win32
		{46FE29D5-2A73-3D4D-B960-C76003894C18}.RelWithDebInfo|Win32.Build.0 = RelWithDebInfo|Win32
		{9779604C-7CFB-35A7-A43C-F695E6A1D4C4}.Debug|Win32.ActiveCfg = Debug|Win32
		{9779604C-7CFB-35A7-A43C-F695E6A1D4C4}.Debug|Win32.Build.0 = Debug|Win32
		{9779604C-7CFB-35A7-A43C-F695E6A1D4C4}.Release|Win32.ActiveCfg = Release|Win32
		{9779604C-7CFB-35A7-A43C-F695E6A1D4C4}.Release|Win32.Build.0 = Release|Win32
		{9779604C-7CFB-35A7-A43C-F695E6A1D4C4}.MinSizeRel|Win32.ActiveCfg = MinSizeRel|Win32
		{9779604C-7CFB-35A7-A43C-F695E6A1D4C4}.MinSizeRel|Win32.Build.0 = MinSizeRel|Win32
		{9779604C-7CFB-35A7-A43C-F695E6A1D4C4}.RelWithDebInfo|Win32.ActiveCfg = RelWithDebInfo|Win32
		{9779604C-7CFB-35A7-A43C-F695E6A1D4C4}.RelWithDebInfo|Win32.Build.0 = RelWithDebInfo|Win32
	EndGlobalSection
	GlobalSection(ExtensibilityGlobals) = postSolution
		SolutionGuid = {2F87F9C9-811F-36E4-9753-A4D4152699D0}
	EndGlobalSection
	GlobalSection(ExtensibilityAddIns) = postSolution
	EndGlobalSection
EndGlobal
