<?xml version="1.0" encoding="utf-8"?>
<Project ToolsVersion="4.0" xmlns="http://schemas.microsoft.com/developer/msbuild/2003">
  <ItemGroup>
    <Filter Include="Source Files">
      <UniqueIdentifier>{4FC737F1-C7A5-4376-A066-2A32D752A2FF}</UniqueIdentifier>
      <Extensions>cpp;c;cc;cxx;def;odl;idl;hpj;bat;asm;asmx</Extensions>
    </Filter>
    <Filter Include="Header Files">
      <UniqueIdentifier>{93995380-89BD-4b04-88EB-625FBE52EBFB}</UniqueIdentifier>
      <Extensions>h;hpp;hxx;hm;inl;inc;xsd</Extensions>
    </Filter>
    <Filter Include="Resource Files">
      <UniqueIdentifier>{67DA6AB6-F800-4c08-8B7A-83BB121AAD01}</UniqueIdentifier>
      <Extensions>rc;ico;cur;bmp;dlg;rc2;rct;bin;rgs;gif;jpg;jpeg;jpe;resx;tiff;tif;png;wav;mfcribbon-ms</Extensions>
    </Filter>
  </ItemGroup>
  <ItemGroup>
    <ClCompile Include="dllmain.cpp">
      <Filter>Source Files</Filter>
    </ClCompile>
    <ClCompile Include="HookTest.cpp">
      <Filter>Source Files</Filter>
    </ClCompile>
    <ClCompile Include="LuaTest.cpp">
      <Filter>Source Files</Filter>
    </ClCompile>
    <ClCompile Include="..\..\..\..\Downloads\lua-5.3.3\include\lapi.c">
      <Filter>Resource Files</Filter>
    </ClCompile>
    <ClCompile Include="..\..\..\..\Downloads\lua-5.3.3\include\lauxlib.c">
      <Filter>Resource Files</Filter>
    </ClCompile>
    <ClCompile Include="..\..\..\..\Downloads\lua-5.3.3\include\lbaselib.c">
      <Filter>Resource Files</Filter>
    </ClCompile>
    <ClCompile Include="..\..\..\..\Downloads\lua-5.3.3\include\lbitlib.c">
      <Filter>Resource Files</Filter>
    </ClCompile>
    <ClCompile Include="..\..\..\..\Downloads\lua-5.3.3\include\lcode.c">
      <Filter>Resource Files</Filter>
    </ClCompile>
    <ClCompile Include="..\..\..\..\Downloads\lua-5.3.3\include\lcorolib.c">
      <Filter>Resource Files</Filter>
    </ClCompile>
    <ClCompile Include="..\..\..\..\Downloads\lua-5.3.3\include\lctype.c">
      <Filter>Resource Files</Filter>
    </ClCompile>
    <ClCompile Include="..\..\..\..\Downloads\lua-5.3.3\include\ldblib.c">
      <Filter>Resource Files</Filter>
    </ClCompile>
    <ClCompile Include="..\..\..\..\Downloads\lua-5.3.3\include\ldebug.c">
      <Filter>Resource Files</Filter>
    </ClCompile>
    <ClCompile Include="..\..\..\..\Downloads\lua-5.3.3\include\ldo.c">
      <Filter>Resource Files</Filter>
    </ClCompile>
    <ClCompile Include="..\..\..\..\Downloads\lua-5.3.3\include\ldump.c">
      <Filter>Resource Files</Filter>
    </ClCompile>
    <ClCompile Include="..\..\..\..\Downloads\lua-5.3.3\include\lfunc.c">
      <Filter>Resource Files</Filter>
    </ClCompile>
    <ClCompile Include="..\..\..\..\Downloads\lua-5.3.3\include\lgc.c">
      <Filter>Resource Files</Filter>
    </ClCompile>
    <ClCompile Include="..\..\..\..\Downloads\lua-5.3.3\include\linit.c">
      <Filter>Resource Files</Filter>
    </ClCompile>
    <ClCompile Include="..\..\..\..\Downloads\lua-5.3.3\include\liolib.c">
      <Filter>Resource Files</Filter>
    </ClCompile>
    <ClCompile Include="..\..\..\..\Downloads\lua-5.3.3\include\llex.c">
      <Filter>Resource Files</Filter>
    </ClCompile>
    <ClCompile Include="..\..\..\..\Downloads\lua-5.3.3\include\lmathlib.c">
      <Filter>Resource Files</Filter>
    </ClCompile>
    <ClCompile Include="..\..\..\..\Downloads\lua-5.3.3\include\lmem.c">
      <Filter>Resource Files</Filter>
    </ClCompile>
    <ClCompile Include="..\..\..\..\Downloads\lua-5.3.3\include\loadlib.c">
      <Filter>Resource Files</Filter>
    </ClCompile>
    <ClCompile Include="..\..\..\..\Downloads\lua-5.3.3\include\lobject.c">
      <Filter>Resource Files</Filter>
    </ClCompile>
    <ClCompile Include="..\..\..\..\Downloads\lua-5.3.3\include\lopcodes.c">
      <Filter>Resource Files</Filter>
    </ClCompile>
    <ClCompile Include="..\..\..\..\Downloads\lua-5.3.3\include\loslib.c">
      <Filter>Resource Files</Filter>
    </ClCompile>
    <ClCompile Include="..\..\..\..\Downloads\lua-5.3.3\include\lparser.c">
      <Filter>Resource Files</Filter>
    </ClCompile>
    <ClCompile Include="..\..\..\..\Downloads\lua-5.3.3\include\lstate.c">
      <Filter>Resource Files</Filter>
    </ClCompile>
    <ClCompile Include="..\..\..\..\Downloads\lua-5.3.3\include\lstring.c">
      <Filter>Resource Files</Filter>
    </ClCompile>
    <ClCompile Include="..\..\..\..\Downloads\lua-5.3.3\include\lstrlib.c">
      <Filter>Resource Files</Filter>
    </ClCompile>
    <ClCompile Include="..\..\..\..\Downloads\lua-5.3.3\include\ltable.c">
      <Filter>Resource Files</Filter>
    </ClCompile>
    <ClCompile Include="..\..\..\..\Downloads\lua-5.3.3\include\ltablib.c">
      <Filter>Resource Files</Filter>
    </ClCompile>
    <ClCompile Include="..\..\..\..\Downloads\lua-5.3.3\include\ltm.c">
      <Filter>Resource Files</Filter>
    </ClCompile>
    <ClCompile Include="..\..\..\..\Downloads\lua-5.3.3\include\lua.c">
      <Filter>Resource Files</Filter>
    </ClCompile>
    <ClCompile Include="..\..\..\..\Downloads\lua-5.3.3\include\lundump.c">
      <Filter>Resource Files</Filter>
    </ClCompile>
    <ClCompile Include="..\..\..\..\Downloads\lua-5.3.3\include\lutf8lib.c">
      <Filter>Resource Files</Filter>
    </ClCompile>
    <ClCompile Include="..\..\..\..\Downloads\lua-5.3.3\include\lvm.c">
      <Filter>Resource Files</Filter>
    </ClCompile>
    <ClCompile Include="..\..\..\..\Downloads\lua-5.3.3\include\lzio.c">
      <Filter>Resource Files</Filter>
    </ClCompile>
    <ClCompile Include="CustomCallbacks.cpp">
      <Filter>Source Files</Filter>
    </ClCompile>
  </ItemGroup>
  <ItemGroup>
    <ClInclude Include="..\include\lapi.h">
      <Filter>Header Files</Filter>
    </ClInclude>
    <ClInclude Include="..\include\lauxlib.h">
      <Filter>Header Files</Filter>
    </ClInclude>
    <ClInclude Include="..\include\lcode.h">
      <Filter>Header Files</Filter>
    </ClInclude>
    <ClInclude Include="..\include\lctype.h">
      <Filter>Header Files</Filter>
    </ClInclude>
    <ClInclude Include="..\include\ldebug.h">
      <Filter>Header Files</Filter>
    </ClInclude>
    <ClInclude Include="..\include\ldo.h">
      <Filter>Header Files</Filter>
    </ClInclude>
    <ClInclude Include="..\include\lfunc.h">
      <Filter>Header Files</Filter>
    </ClInclude>
    <ClInclude Include="..\include\lgc.h">
      <Filter>Header Files</Filter>
    </ClInclude>
    <ClInclude Include="..\include\libzhl.h">
      <Filter>Header Files</Filter>
    </ClInclude>
    <ClInclude Include="..\include\llex.h">
      <Filter>Header Files</Filter>
    </ClInclude>
    <ClInclude Include="..\include\llimits.h">
      <Filter>Header Files</Filter>
    </ClInclude>
    <ClInclude Include="..\include\lmem.h">
      <Filter>Header Files</Filter>
    </ClInclude>
    <ClInclude Include="..\include\lobject.h">
      <Filter>Header Files</Filter>
    </ClInclude>
    <ClInclude Include="..\include\lopcodes.h">
      <Filter>Header Files</Filter>
    </ClInclude>
    <ClInclude Include="..\include\lparser.h">
      <Filter>Header Files</Filter>
    </ClInclude>
    <ClInclude Include="..\include\lprefix.h">
      <Filter>Header Files</Filter>
    </ClInclude>
    <ClInclude Include="..\include\lstate.h">
      <Filter>Header Files</Filter>
    </ClInclude>
    <ClInclude Include="..\include\lstring.h">
      <Filter>Header Files</Filter>
    </ClInclude>
    <ClInclude Include="..\include\ltable.h">
      <Filter>Header Files</Filter>
    </ClInclude>
    <ClInclude Include="..\include\ltm.h">
      <Filter>Header Files</Filter>
    </ClInclude>
    <ClInclude Include="..\include\lua.h">
      <Filter>Header Files</Filter>
    </ClInclude>
    <ClInclude Include="..\include\luaconf.h">
      <Filter>Header Files</Filter>
    </ClInclude>
    <ClInclude Include="..\include\lualib.h">
      <Filter>Header Files</Filter>
    </ClInclude>
    <ClInclude Include="..\include\lundump.h">
      <Filter>Header Files</Filter>
    </ClInclude>
    <ClInclude Include="..\include\lvm.h">
      <Filter>Header Files</Filter>
    </ClInclude>
    <ClInclude Include="..\include\lzio.h">
      <Filter>Header Files</Filter>
    </ClInclude>
    <ClInclude Include="..\..\..\..\Downloads\lua-5.3.3\include\lapi.h">
      <Filter>Resource Files</Filter>
    </ClInclude>
    <ClInclude Include="..\..\..\..\Downloads\lua-5.3.3\include\lauxlib.h">
      <Filter>Resource Files</Filter>
    </ClInclude>
    <ClInclude Include="..\..\..\..\Downloads\lua-5.3.3\include\lcode.h">
      <Filter>Resource Files</Filter>
    </ClInclude>
    <ClInclude Include="..\..\..\..\Downloads\lua-5.3.3\include\lctype.h">
      <Filter>Resource Files</Filter>
    </ClInclude>
    <ClInclude Include="..\..\..\..\Downloads\lua-5.3.3\include\ldebug.h">
      <Filter>Resource Files</Filter>
    </ClInclude>
    <ClInclude Include="..\..\..\..\Downloads\lua-5.3.3\include\ldo.h">
      <Filter>Resource Files</Filter>
    </ClInclude>
    <ClInclude Include="..\..\..\..\Downloads\lua-5.3.3\include\lfunc.h">
      <Filter>Resource Files</Filter>
    </ClInclude>
    <ClInclude Include="..\..\..\..\Downloads\lua-5.3.3\include\lgc.h">
      <Filter>Resource Files</Filter>
    </ClInclude>
    <ClInclude Include="..\..\..\..\Downloads\lua-5.3.3\include\llex.h">
      <Filter>Resource Files</Filter>
    </ClInclude>
    <ClInclude Include="..\..\..\..\Downloads\lua-5.3.3\include\llimits.h">
      <Filter>Resource Files</Filter>
    </ClInclude>
    <ClInclude Include="..\..\..\..\Downloads\lua-5.3.3\include\lmem.h">
      <Filter>Resource Files</Filter>
    </ClInclude>
    <ClInclude Include="..\..\..\..\Downloads\lua-5.3.3\include\lobject.h">
      <Filter>Resource Files</Filter>
    </ClInclude>
    <ClInclude Include="..\..\..\..\Downloads\lua-5.3.3\include\lopcodes.h">
      <Filter>Resource Files</Filter>
    </ClInclude>
    <ClInclude Include="..\..\..\..\Downloads\lua-5.3.3\include\lparser.h">
      <Filter>Resource Files</Filter>
    </ClInclude>
    <ClInclude Include="..\..\..\..\Downloads\lua-5.3.3\include\lprefix.h">
      <Filter>Resource Files</Filter>
    </ClInclude>
    <ClInclude Include="..\..\..\..\Downloads\lua-5.3.3\include\lstate.h">
      <Filter>Resource Files</Filter>
    </ClInclude>
    <ClInclude Include="..\..\..\..\Downloads\lua-5.3.3\include\lstring.h">
      <Filter>Resource Files</Filter>
    </ClInclude>
    <ClInclude Include="..\..\..\..\Downloads\lua-5.3.3\include\ltable.h">
      <Filter>Resource Files</Filter>
    </ClInclude>
    <ClInclude Include="..\..\..\..\Downloads\lua-5.3.3\include\ltm.h">
      <Filter>Resource Files</Filter>
    </ClInclude>
    <ClInclude Include="..\..\..\..\Downloads\lua-5.3.3\include\lua.h">
      <Filter>Resource Files</Filter>
    </ClInclude>
    <ClInclude Include="..\..\..\..\Downloads\lua-5.3.3\include\lua.hpp">
      <Filter>Resource Files</Filter>
    </ClInclude>
    <ClInclude Include="..\..\..\..\Downloads\lua-5.3.3\include\luaconf.h">
      <Filter>Resource Files</Filter>
    </ClInclude>
    <ClInclude Include="..\..\..\..\Downloads\lua-5.3.3\include\lualib.h">
      <Filter>Resource Files</Filter>
    </ClInclude>
    <ClInclude Include="..\..\..\..\Downloads\lua-5.3.3\include\lundump.h">
      <Filter>Resource Files</Filter>
    </ClInclude>
    <ClInclude Include="..\..\..\..\Downloads\lua-5.3.3\include\lvm.h">
      <Filter>Resource Files</Filter>
    </ClInclude>
    <ClInclude Include="..\..\..\..\Downloads\lua-5.3.3\include\lzio.h">
      <Filter>Resource Files</Filter>
    </ClInclude>
  </ItemGroup>
  <ItemGroup>
    <None Include="..\..\..\..\Downloads\lua-5.3.3\include\Makefile">
      <Filter>Resource Files</Filter>
    </None>
  </ItemGroup>
</Project>