<?xml version="1.0" encoding="utf-8"?>
<Project ToolsVersion="4.0" xmlns="http://schemas.microsoft.com/developer/msbuild/2003">
  <ItemGroup>
    <Filter Include="Source Files">
      <UniqueIdentifier>{4FC737F1-C7A5-4376-A066-2A32D752A2FF}</UniqueIdentifier>
      <Extensions>cpp;c;cc;cxx;def;odl;idl;hpj;bat;asm;asmx</Extensions>
    </Filter>
    <Filter Include="Header Files">
      <UniqueIdentifier>{93995380-89BD-4b04-88EB-625FBE52EBFB}</UniqueIdentifier>
      <Extensions>h;hpp;hxx;hm;inl;inc;xsd</Extensions>
    </Filter>
    <Filter Include="Resource Files">
      <UniqueIdentifier>{67DA6AB6-F800-4c08-8B7A-83BB121AAD01}</UniqueIdentifier>
      <Extensions>rc;ico;cur;bmp;dlg;rc2;rct;bin;rgs;gif;jpg;jpeg;jpe;resx;tiff;tif;png;wav;mfcribbon-ms</Extensions>
    </Filter>
    <Filter Include="Header Files\Public">
      <UniqueIdentifier>{2021daf9-f86e-4874-adca-2a3b429784df}</UniqueIdentifier>
    </Filter>
    <Filter Include="Source Files\functions">
      <UniqueIdentifier>{ba3cceb3-9482-4fb6-959f-4b62a443a3f5}</UniqueIdentifier>
    </Filter>
  </ItemGroup>
  <ItemGroup>
    <ClInclude Include="detours.h">
      <Filter>Header Files</Filter>
    </ClInclude>
    <ClInclude Include="hde.h">
      <Filter>Header Files</Filter>
    </ClInclude>
    <ClInclude Include="..\include\Isaac\EntityHandle.h">
      <Filter>Header Files\Public</Filter>
    </ClInclude>
    <ClInclude Include="..\include\Isaac\GameDefs.h">
      <Filter>Header Files\Public</Filter>
    </ClInclude>
    <ClInclude Include="..\include\Isaac\HookSystem.h">
      <Filter>Header Files\Public</Filter>
    </ClInclude>
    <ClInclude Include="..\include\Isaac\SmartPointer.h">
      <Filter>Header Files\Public</Filter>
    </ClInclude>
    <ClInclude Include="..\include\Isaac.h">
      <Filter>Header Files\Public</Filter>
    </ClInclude>
    <ClInclude Include="SigScan.h">
      <Filter>Header Files</Filter>
    </ClInclude>
    <ClInclude Include="HookSystem_private.h">
      <Filter>Header Files</Filter>
    </ClInclude>
    <ClInclude Include="..\include\Isaac\EntityDefs.h">
      <Filter>Header Files\Public</Filter>
    </ClInclude>
  </ItemGroup>
  <ItemGroup>
    <ClCompile Include="dllmain.cpp">
      <Filter>Source Files</Filter>
    </ClCompile>
    <ClCompile Include="hde.cpp">
      <Filter>Source Files</Filter>
    </ClCompile>
    <ClCompile Include="HookSystem.cpp">
      <Filter>Source Files</Filter>
    </ClCompile>
    <ClCompile Include="SigScan.cpp">
      <Filter>Source Files</Filter>
    </ClCompile>
    <ClCompile Include="filesystem.cpp">
      <Filter>Source Files</Filter>
    </ClCompile>
    <ClCompile Include="IsaacRepentance.cpp">
      <Filter>Source Files</Filter>
    </ClCompile>
  </ItemGroup>
  <ItemGroup>
    <None Include="functions\Entity.zhl">
      <Filter>Source Files\functions</Filter>
    </None>
    <None Include="functions\EntityPlayer.zhl">
      <Filter>Source Files\functions</Filter>
    </None>
    <None Include="functions\Game.zhl">
      <Filter>Source Files\functions</Filter>
    </None>
    <None Include="functions\Global.zhl">
      <Filter>Source Files\functions</Filter>
    </None>
    <None Include="functions\LuaEngine.zhl">
      <Filter>Source Files\functions</Filter>
    </None>
    <None Include="functions\Manager.zhl">
      <Filter>Source Files\functions</Filter>
    </None>
  </ItemGroup>
</Project>